
Microsoft Visual Studio Solution File, Format Version 12.00
# Visual Studio Version 17
VisualStudioVersion = 17.5.002.0
MinimumVisualStudioVersion = 10.0.40219.1
Project("{9A19103F-16F7-4668-BE54-9A1E7A4F7556}") = "DesafioProjetoHospedagem", "DesafioProjetoHospedagem.csproj", "{EBD73E53-1DAE-4D0E-8CA0-546D14C5A3D0}"
EndProject
Global
	GlobalSection(SolutionConfigurationPlatforms) = preSolution
		Debug|Any CPU = Debug|Any CPU
		Release|Any CPU = Release|Any CPU
	EndGlobalSection
	GlobalSection(ProjectConfigurationPlatforms) = postSolution
		{EBD73E53-1DAE-4D0E-8CA0-546D14C5A3D0}.Debug|Any CPU.ActiveCfg = Debug|Any CPU
		{EBD73E53-1DAE-4D0E-8CA0-546D14C5A3D0}.Debug|Any CPU.Build.0 = Debug|Any CPU
		{EBD73E53-1DAE-4D0E-8CA0-546D14C5A3D0}.Release|Any CPU.ActiveCfg = Release|Any CPU
		{EBD73E53-1DAE-4D0E-8CA0-546D14C5A3D0}.Release|Any CPU.Build.0 = Release|Any CPU
	EndGlobalSection
	GlobalSection(SolutionProperties) = preSolution
		HideSolutionNode = FALSE
	EndGlobalSection
	GlobalSection(ExtensibilityGlobals) = postSolution
		SolutionGuid = {D1589D92-3C3E-4C18-92CA-36A23D120F5B}
	EndGlobalSection
EndGlobal
